
Microsoft Visual Studio Solution File, Format Version 12.00
# Visual Studio Version 16
VisualStudioVersion = 16.0.31321.278
MinimumVisualStudioVersion = 10.0.40219.1
Project("{FAE04EC0-301F-11D3-BF4B-00C04F79EFBC}") = "Web", "Web\Web.csproj", "{8CC81153-6995-4BA6-93AA-208717CC3787}"
EndProject
Project("{FAE04EC0-301F-11D3-BF4B-00C04F79EFBC}") = "Repositorio", "Repositorio\Repositorio.csproj", "{6F6FFFF7-384F-430D-83F6-6C4B989FFF2B}"
EndProject
Project("{FAE04EC0-301F-11D3-BF4B-00C04F79EFBC}") = "Dominio", "Dominio\Dominio.csproj", "{99CCCC00-7B45-4015-8C79-4521159779F4}"
EndProject
Global
	GlobalSection(SolutionConfigurationPlatforms) = preSolution
		Debug|Any CPU = Debug|Any CPU
		Release|Any CPU = Release|Any CPU
	EndGlobalSection
	GlobalSection(ProjectConfigurationPlatforms) = postSolution
		{8CC81153-6995-4BA6-93AA-208717CC3787}.Debug|Any CPU.ActiveCfg = Debug|Any CPU
		{8CC81153-6995-4BA6-93AA-208717CC3787}.Debug|Any CPU.Build.0 = Debug|Any CPU
		{8CC81153-6995-4BA6-93AA-208717CC3787}.Release|Any CPU.ActiveCfg = Release|Any CPU
		{8CC81153-6995-4BA6-93AA-208717CC3787}.Release|Any CPU.Build.0 = Release|Any CPU
		{6F6FFFF7-384F-430D-83F6-6C4B989FFF2B}.Debug|Any CPU.ActiveCfg = Debug|Any CPU
		{6F6FFFF7-384F-430D-83F6-6C4B989FFF2B}.Debug|Any CPU.Build.0 = Debug|Any CPU
		{6F6FFFF7-384F-430D-83F6-6C4B989FFF2B}.Release|Any CPU.ActiveCfg = Release|Any CPU
		{6F6FFFF7-384F-430D-83F6-6C4B989FFF2B}.Release|Any CPU.Build.0 = Release|Any CPU
		{99CCCC00-7B45-4015-8C79-4521159779F4}.Debug|Any CPU.ActiveCfg = Debug|Any CPU
		{99CCCC00-7B45-4015-8C79-4521159779F4}.Debug|Any CPU.Build.0 = Debug|Any CPU
		{99CCCC00-7B45-4015-8C79-4521159779F4}.Release|Any CPU.ActiveCfg = Release|Any CPU
		{99CCCC00-7B45-4015-8C79-4521159779F4}.Release|Any CPU.Build.0 = Release|Any CPU
	EndGlobalSection
	GlobalSection(SolutionProperties) = preSolution
		HideSolutionNode = FALSE
	EndGlobalSection
	GlobalSection(ExtensibilityGlobals) = postSolution
		SolutionGuid = {F4F97692-B570-4D4A-B610-2DBC0B780810}
	EndGlobalSection
EndGlobal
